
Microsoft Visual Studio Solution File, Format Version 12.00
# Visual Studio Version 17
VisualStudioVersion = 17.11.35303.130
MinimumVisualStudioVersion = 10.0.40219.1
Project("{2150E333-8FDC-42A3-9474-1A3956D46DE8}") = "Task0", "Task0", "{4EF5E6DA-CCEE-4AEF-93CF-7309C42AB24C}"
EndProject
Project("{9A19103F-16F7-4668-BE54-9A1E7A4F7556}") = "Tyuiu.DmiterkoKD.Sprint3.Task0.V8", "Tyuiu.DmiterkoKD.Sprint3.Task0.V8\Tyuiu.DmiterkoKD.Sprint3.Task0.V8.csproj", "{2195AEE4-22C9-4215-9945-B159FF8677EA}"
EndProject
Project("{9A19103F-16F7-4668-BE54-9A1E7A4F7556}") = "Tyuiu.DmiterkoKD.Sprint3.Task0.V8.Lib", "Tyuiu.DmiterkoKD.Sprint3.Task0.V8.Lib\Tyuiu.DmiterkoKD.Sprint3.Task0.V8.Lib.csproj", "{D87AD39D-6CC0-424C-A690-7BCD58F9D4DA}"
EndProject
Project("{9A19103F-16F7-4668-BE54-9A1E7A4F7556}") = "Tyuiu.DmiterkoKD.Sprint3.Task0.V8.Test", "Tyuiu.DmiterkoKD.Sprint3.Task0.V8.Test\Tyuiu.DmiterkoKD.Sprint3.Task0.V8.Test.csproj", "{855793DD-B4C3-4422-993A-4B9EC107A8A3}"
EndProject
Project("{2150E333-8FDC-42A3-9474-1A3956D46DE8}") = "Task1", "Task1", "{69C14B7B-4E0E-467A-86B8-896427091DFC}"
EndProject
Project("{9A19103F-16F7-4668-BE54-9A1E7A4F7556}") = "Tyuiu.DmiterkoKD.Sprint3.Task1.V24", "Tyuiu.DmiterkoKD.Sprint3.Task1.V24\Tyuiu.DmiterkoKD.Sprint3.Task1.V24.csproj", "{1B315B69-E118-4373-B8D1-3E04A9B5AA65}"
EndProject
Project("{9A19103F-16F7-4668-BE54-9A1E7A4F7556}") = "Tyuiu.DmiterkoKD.Sprint3.Task1.V24.Lib", "Tyuiu.DmiterkoKD.Sprint3.Task1.V24.Lib\Tyuiu.DmiterkoKD.Sprint3.Task1.V24.Lib.csproj", "{398923C9-A51C-4AF3-9C39-02644672B6C6}"
EndProject
Project("{9A19103F-16F7-4668-BE54-9A1E7A4F7556}") = "Tyuiu.DmiterkoKD.Sprint3.Task1.V24.Test", "Tyuiu.DmiterkoKD.Sprint3.Task1.V24.Test\Tyuiu.DmiterkoKD.Sprint3.Task1.V24.Test.csproj", "{0771AF80-0BBF-4AD4-91BE-F9E14856B94D}"
EndProject
Project("{2150E333-8FDC-42A3-9474-1A3956D46DE8}") = "Task2", "Task2", "{68C5B3CA-F067-4534-A508-3354CC4A502E}"
EndProject
Project("{FAE04EC0-301F-11D3-BF4B-00C04F79EFBC}") = "Tyuiu.DmiterkoKD.Sprint3.Task2.V29", "Tyuiu.DmiterkoKD.Sprint3.Task2.V29\Tyuiu.DmiterkoKD.Sprint3.Task2.V29.csproj", "{792BFCD2-07CE-4200-9A4C-FF41D2D7AF6B}"
EndProject
Project("{FAE04EC0-301F-11D3-BF4B-00C04F79EFBC}") = "Tyuiu.DmiterkoKD.Sprint3.Task2.V29.Lib", "Tyuiu.DmiterkoKD.Sprint3.Task2.V29.Lib\Tyuiu.DmiterkoKD.Sprint3.Task2.V29.Lib.csproj", "{8748132E-8370-4FBF-9A97-6AA2C13EE67B}"
EndProject
Project("{FAE04EC0-301F-11D3-BF4B-00C04F79EFBC}") = "Tyuiu.DmiterkoKD.Sprint3.Task2.V29.Test", "Tyuiu.DmiterkoKD.Sprint3.Task2.V29.Test\Tyuiu.DmiterkoKD.Sprint3.Task2.V29.Test.csproj", "{9B563BF2-12C6-4AD3-A570-2DCD7B0DDDD2}"
EndProject
Project("{2150E333-8FDC-42A3-9474-1A3956D46DE8}") = "Task3", "Task3", "{69AA818E-0083-46A8-8EFE-C794AA4E56C9}"
EndProject
Project("{FAE04EC0-301F-11D3-BF4B-00C04F79EFBC}") = "Tyuiu.DmiterkoKD.Sprint3.Task3.V17", "Tyuiu.DmiterkoKD.Sprint3.Task3.V17\Tyuiu.DmiterkoKD.Sprint3.Task3.V17.csproj", "{B53DAC64-6B74-4BCB-A61D-EC1E68D54E54}"
EndProject
Project("{FAE04EC0-301F-11D3-BF4B-00C04F79EFBC}") = "Tyuiu.DmiterkoKD.Sprint3.Task3.V17.Lib", "Tyuiu.DmiterkoKD.Sprint3.Task3.V17.Lib\Tyuiu.DmiterkoKD.Sprint3.Task3.V17.Lib.csproj", "{9A6CC71B-9251-4F5F-8629-5F514E22EDF0}"
EndProject
Project("{FAE04EC0-301F-11D3-BF4B-00C04F79EFBC}") = "Tyuiu.DmiterkoKD.Sprint3.Task3.V17.Test", "Tyuiu.DmiterkoKD.Sprint3.Task3.V17.Test\Tyuiu.DmiterkoKD.Sprint3.Task3.V17.Test.csproj", "{2538A16F-939A-4771-9D8D-144691FA260A}"
EndProject
Global
	GlobalSection(SolutionConfigurationPlatforms) = preSolution
		Debug|Any CPU = Debug|Any CPU
		Release|Any CPU = Release|Any CPU
	EndGlobalSection
	GlobalSection(ProjectConfigurationPlatforms) = postSolution
		{2195AEE4-22C9-4215-9945-B159FF8677EA}.Debug|Any CPU.ActiveCfg = Debug|Any CPU
		{2195AEE4-22C9-4215-9945-B159FF8677EA}.Debug|Any CPU.Build.0 = Debug|Any CPU
		{2195AEE4-22C9-4215-9945-B159FF8677EA}.Release|Any CPU.ActiveCfg = Release|Any CPU
		{2195AEE4-22C9-4215-9945-B159FF8677EA}.Release|Any CPU.Build.0 = Release|Any CPU
		{D87AD39D-6CC0-424C-A690-7BCD58F9D4DA}.Debug|Any CPU.ActiveCfg = Debug|Any CPU
		{D87AD39D-6CC0-424C-A690-7BCD58F9D4DA}.Debug|Any CPU.Build.0 = Debug|Any CPU
		{D87AD39D-6CC0-424C-A690-7BCD58F9D4DA}.Release|Any CPU.ActiveCfg = Release|Any CPU
		{D87AD39D-6CC0-424C-A690-7BCD58F9D4DA}.Release|Any CPU.Build.0 = Release|Any CPU
		{855793DD-B4C3-4422-993A-4B9EC107A8A3}.Debug|Any CPU.ActiveCfg = Debug|Any CPU
		{855793DD-B4C3-4422-993A-4B9EC107A8A3}.Debug|Any CPU.Build.0 = Debug|Any CPU
		{855793DD-B4C3-4422-993A-4B9EC107A8A3}.Release|Any CPU.ActiveCfg = Release|Any CPU
		{855793DD-B4C3-4422-993A-4B9EC107A8A3}.Release|Any CPU.Build.0 = Release|Any CPU
		{1B315B69-E118-4373-B8D1-3E04A9B5AA65}.Debug|Any CPU.ActiveCfg = Debug|Any CPU
		{1B315B69-E118-4373-B8D1-3E04A9B5AA65}.Debug|Any CPU.Build.0 = Debug|Any CPU
		{1B315B69-E118-4373-B8D1-3E04A9B5AA65}.Release|Any CPU.ActiveCfg = Release|Any CPU
		{1B315B69-E118-4373-B8D1-3E04A9B5AA65}.Release|Any CPU.Build.0 = Release|Any CPU
		{398923C9-A51C-4AF3-9C39-02644672B6C6}.Debug|Any CPU.ActiveCfg = Debug|Any CPU
		{398923C9-A51C-4AF3-9C39-02644672B6C6}.Debug|Any CPU.Build.0 = Debug|Any CPU
		{398923C9-A51C-4AF3-9C39-02644672B6C6}.Release|Any CPU.ActiveCfg = Release|Any CPU
		{398923C9-A51C-4AF3-9C39-02644672B6C6}.Release|Any CPU.Build.0 = Release|Any CPU
		{0771AF80-0BBF-4AD4-91BE-F9E14856B94D}.Debug|Any CPU.ActiveCfg = Debug|Any CPU
		{0771AF80-0BBF-4AD4-91BE-F9E14856B94D}.Debug|Any CPU.Build.0 = Debug|Any CPU
		{0771AF80-0BBF-4AD4-91BE-F9E14856B94D}.Release|Any CPU.ActiveCfg = Release|Any CPU
		{0771AF80-0BBF-4AD4-91BE-F9E14856B94D}.Release|Any CPU.Build.0 = Release|Any CPU
		{792BFCD2-07CE-4200-9A4C-FF41D2D7AF6B}.Debug|Any CPU.ActiveCfg = Debug|Any CPU
		{792BFCD2-07CE-4200-9A4C-FF41D2D7AF6B}.Debug|Any CPU.Build.0 = Debug|Any CPU
		{792BFCD2-07CE-4200-9A4C-FF41D2D7AF6B}.Release|Any CPU.ActiveCfg = Release|Any CPU
		{792BFCD2-07CE-4200-9A4C-FF41D2D7AF6B}.Release|Any CPU.Build.0 = Release|Any CPU
		{8748132E-8370-4FBF-9A97-6AA2C13EE67B}.Debug|Any CPU.ActiveCfg = Debug|Any CPU
		{8748132E-8370-4FBF-9A97-6AA2C13EE67B}.Debug|Any CPU.Build.0 = Debug|Any CPU
		{8748132E-8370-4FBF-9A97-6AA2C13EE67B}.Release|Any CPU.ActiveCfg = Release|Any CPU
		{8748132E-8370-4FBF-9A97-6AA2C13EE67B}.Release|Any CPU.Build.0 = Release|Any CPU
		{9B563BF2-12C6-4AD3-A570-2DCD7B0DDDD2}.Debug|Any CPU.ActiveCfg = Debug|Any CPU
		{9B563BF2-12C6-4AD3-A570-2DCD7B0DDDD2}.Debug|Any CPU.Build.0 = Debug|Any CPU
		{9B563BF2-12C6-4AD3-A570-2DCD7B0DDDD2}.Release|Any CPU.ActiveCfg = Release|Any CPU
		{9B563BF2-12C6-4AD3-A570-2DCD7B0DDDD2}.Release|Any CPU.Build.0 = Release|Any CPU
		{B53DAC64-6B74-4BCB-A61D-EC1E68D54E54}.Debug|Any CPU.ActiveCfg = Debug|Any CPU
		{B53DAC64-6B74-4BCB-A61D-EC1E68D54E54}.Debug|Any CPU.Build.0 = Debug|Any CPU
		{B53DAC64-6B74-4BCB-A61D-EC1E68D54E54}.Release|Any CPU.ActiveCfg = Release|Any CPU
		{B53DAC64-6B74-4BCB-A61D-EC1E68D54E54}.Release|Any CPU.Build.0 = Release|Any CPU
		{9A6CC71B-9251-4F5F-8629-5F514E22EDF0}.Debug|Any CPU.ActiveCfg = Debug|Any CPU
		{9A6CC71B-9251-4F5F-8629-5F514E22EDF0}.Debug|Any CPU.Build.0 = Debug|Any CPU
		{9A6CC71B-9251-4F5F-8629-5F514E22EDF0}.Release|Any CPU.ActiveCfg = Release|Any CPU
		{9A6CC71B-9251-4F5F-8629-5F514E22EDF0}.Release|Any CPU.Build.0 = Release|Any CPU
		{2538A16F-939A-4771-9D8D-144691FA260A}.Debug|Any CPU.ActiveCfg = Debug|Any CPU
		{2538A16F-939A-4771-9D8D-144691FA260A}.Debug|Any CPU.Build.0 = Debug|Any CPU
		{2538A16F-939A-4771-9D8D-144691FA260A}.Release|Any CPU.ActiveCfg = Release|Any CPU
		{2538A16F-939A-4771-9D8D-144691FA260A}.Release|Any CPU.Build.0 = Release|Any CPU
	EndGlobalSection
	GlobalSection(SolutionProperties) = preSolution
		HideSolutionNode = FALSE
	EndGlobalSection
	GlobalSection(NestedProjects) = preSolution
		{2195AEE4-22C9-4215-9945-B159FF8677EA} = {4EF5E6DA-CCEE-4AEF-93CF-7309C42AB24C}
		{D87AD39D-6CC0-424C-A690-7BCD58F9D4DA} = {4EF5E6DA-CCEE-4AEF-93CF-7309C42AB24C}
		{855793DD-B4C3-4422-993A-4B9EC107A8A3} = {4EF5E6DA-CCEE-4AEF-93CF-7309C42AB24C}
		{1B315B69-E118-4373-B8D1-3E04A9B5AA65} = {69C14B7B-4E0E-467A-86B8-896427091DFC}
		{398923C9-A51C-4AF3-9C39-02644672B6C6} = {69C14B7B-4E0E-467A-86B8-896427091DFC}
		{0771AF80-0BBF-4AD4-91BE-F9E14856B94D} = {69C14B7B-4E0E-467A-86B8-896427091DFC}
		{792BFCD2-07CE-4200-9A4C-FF41D2D7AF6B} = {68C5B3CA-F067-4534-A508-3354CC4A502E}
		{8748132E-8370-4FBF-9A97-6AA2C13EE67B} = {68C5B3CA-F067-4534-A508-3354CC4A502E}
		{9B563BF2-12C6-4AD3-A570-2DCD7B0DDDD2} = {68C5B3CA-F067-4534-A508-3354CC4A502E}
		{B53DAC64-6B74-4BCB-A61D-EC1E68D54E54} = {69AA818E-0083-46A8-8EFE-C794AA4E56C9}
		{9A6CC71B-9251-4F5F-8629-5F514E22EDF0} = {69AA818E-0083-46A8-8EFE-C794AA4E56C9}
		{2538A16F-939A-4771-9D8D-144691FA260A} = {69AA818E-0083-46A8-8EFE-C794AA4E56C9}
	EndGlobalSection
	GlobalSection(ExtensibilityGlobals) = postSolution
		SolutionGuid = {C138C4B5-D72A-4420-ACD7-CB822EF977BA}
	EndGlobalSection
EndGlobal
